
Microsoft Visual Studio Solution File, Format Version 12.00
# Visual Studio Version 17
VisualStudioVersion = 17.0.32112.339
MinimumVisualStudioVersion = 10.0.40219.1
Project("{FAE04EC0-301F-11D3-BF4B-00C04F79EFBC}") = "BuildScript", "BuildScript\BuildScript.csproj", "{3A916206-FEEC-4968-8E07-13607275637B}"
EndProject
Project("{2150E333-8FDC-42A3-9474-1A3956D46DE8}") = ".nuget", ".nuget", "{9A97FBA1-143B-49DC-B68A-383F011A98FD}"
	ProjectSection(SolutionItems) = preProject
		.nuget\packages.config = .nuget\packages.config
	EndProjectSection
EndProject
Project("{2150E333-8FDC-42A3-9474-1A3956D46DE8}") = "Solution Items", "Solution Items", "{E183529C-6003-4D4D-BA72-C865A710A31E}"
	ProjectSection(SolutionItems) = preProject
		license\Apache-2.0.licenseheader = license\Apache-2.0.licenseheader
		license\Apache-2.0.txt = license\Apache-2.0.txt
	EndProjectSection
EndProject
Project("{FAE04EC0-301F-11D3-BF4B-00C04F79EFBC}") = "ReleaseProcessScript", "ReleaseProcessScript\ReleaseProcessScript.csproj", "{12329089-3113-4AE3-9F86-F5F4273628CC}"
EndProject
Project("{FAE04EC0-301F-11D3-BF4B-00C04F79EFBC}") = "Build", "Build\Build.csproj", "{6CBB099A-DE58-48A4-ADC7-D37725B0181C}"
EndProject
Project("{FAE04EC0-301F-11D3-BF4B-00C04F79EFBC}") = "BuildScript.UnitTests", "BuildScript.UnitTests\BuildScript.UnitTests.csproj", "{59E2D5E4-44A6-4C38-8966-9E4F022E0682}"
EndProject
Project("{FAE04EC0-301F-11D3-BF4B-00C04F79EFBC}") = "ReleaseProcessScript.UnitTests", "ReleaseProcessScript.UnitTests\ReleaseProcessScript.UnitTests.csproj", "{9C20F1BE-A7BA-4B4F-8C55-59D91606AA56}"
EndProject
Project("{9A19103F-16F7-4668-BE54-9A1E7A4F7556}") = "NukeBuild", "NukeBuild\NukeBuild.csproj", "{685D0E84-C8AB-40BC-97E2-3F4D512E7E88}"
EndProject
Global
	GlobalSection(SolutionConfigurationPlatforms) = preSolution
		Debug|Any CPU = Debug|Any CPU
		Debug|x86 = Debug|x86
		Release|Any CPU = Release|Any CPU
		Release|x86 = Release|x86
	EndGlobalSection
	GlobalSection(ProjectConfigurationPlatforms) = postSolution
		{3A916206-FEEC-4968-8E07-13607275637B}.Debug|Any CPU.ActiveCfg = Debug|Any CPU
		{3A916206-FEEC-4968-8E07-13607275637B}.Debug|Any CPU.Build.0 = Debug|Any CPU
		{3A916206-FEEC-4968-8E07-13607275637B}.Debug|x86.ActiveCfg = Debug|Any CPU
		{3A916206-FEEC-4968-8E07-13607275637B}.Release|Any CPU.ActiveCfg = Release|Any CPU
		{3A916206-FEEC-4968-8E07-13607275637B}.Release|Any CPU.Build.0 = Release|Any CPU
		{3A916206-FEEC-4968-8E07-13607275637B}.Release|x86.ActiveCfg = Release|Any CPU
		{12329089-3113-4AE3-9F86-F5F4273628CC}.Debug|Any CPU.ActiveCfg = Debug|Any CPU
		{12329089-3113-4AE3-9F86-F5F4273628CC}.Debug|Any CPU.Build.0 = Debug|Any CPU
		{12329089-3113-4AE3-9F86-F5F4273628CC}.Debug|x86.ActiveCfg = Debug|Any CPU
		{12329089-3113-4AE3-9F86-F5F4273628CC}.Release|Any CPU.ActiveCfg = Release|Any CPU
		{12329089-3113-4AE3-9F86-F5F4273628CC}.Release|Any CPU.Build.0 = Release|Any CPU
		{12329089-3113-4AE3-9F86-F5F4273628CC}.Release|x86.ActiveCfg = Release|Any CPU
		{6CBB099A-DE58-48A4-ADC7-D37725B0181C}.Debug|Any CPU.ActiveCfg = Debug|Any CPU
		{6CBB099A-DE58-48A4-ADC7-D37725B0181C}.Debug|Any CPU.Build.0 = Debug|Any CPU
		{6CBB099A-DE58-48A4-ADC7-D37725B0181C}.Debug|x86.ActiveCfg = Debug|Any CPU
		{6CBB099A-DE58-48A4-ADC7-D37725B0181C}.Release|Any CPU.ActiveCfg = Release|Any CPU
		{6CBB099A-DE58-48A4-ADC7-D37725B0181C}.Release|Any CPU.Build.0 = Release|Any CPU
		{6CBB099A-DE58-48A4-ADC7-D37725B0181C}.Release|x86.ActiveCfg = Release|Any CPU
		{59E2D5E4-44A6-4C38-8966-9E4F022E0682}.Debug|Any CPU.ActiveCfg = Debug|Any CPU
		{59E2D5E4-44A6-4C38-8966-9E4F022E0682}.Debug|Any CPU.Build.0 = Debug|Any CPU
		{59E2D5E4-44A6-4C38-8966-9E4F022E0682}.Debug|x86.ActiveCfg = Debug|Any CPU
		{59E2D5E4-44A6-4C38-8966-9E4F022E0682}.Debug|x86.Build.0 = Debug|Any CPU
		{59E2D5E4-44A6-4C38-8966-9E4F022E0682}.Release|Any CPU.ActiveCfg = Release|Any CPU
		{59E2D5E4-44A6-4C38-8966-9E4F022E0682}.Release|Any CPU.Build.0 = Release|Any CPU
		{59E2D5E4-44A6-4C38-8966-9E4F022E0682}.Release|x86.ActiveCfg = Release|Any CPU
		{59E2D5E4-44A6-4C38-8966-9E4F022E0682}.Release|x86.Build.0 = Release|Any CPU
		{9C20F1BE-A7BA-4B4F-8C55-59D91606AA56}.Debug|Any CPU.ActiveCfg = Debug|Any CPU
		{9C20F1BE-A7BA-4B4F-8C55-59D91606AA56}.Debug|Any CPU.Build.0 = Debug|Any CPU
		{9C20F1BE-A7BA-4B4F-8C55-59D91606AA56}.Debug|x86.ActiveCfg = Debug|Any CPU
		{9C20F1BE-A7BA-4B4F-8C55-59D91606AA56}.Debug|x86.Build.0 = Debug|Any CPU
		{9C20F1BE-A7BA-4B4F-8C55-59D91606AA56}.Release|Any CPU.ActiveCfg = Release|Any CPU
		{9C20F1BE-A7BA-4B4F-8C55-59D91606AA56}.Release|Any CPU.Build.0 = Release|Any CPU
		{9C20F1BE-A7BA-4B4F-8C55-59D91606AA56}.Release|x86.ActiveCfg = Release|Any CPU
		{9C20F1BE-A7BA-4B4F-8C55-59D91606AA56}.Release|x86.Build.0 = Release|Any CPU
		{685D0E84-C8AB-40BC-97E2-3F4D512E7E88}.Debug|Any CPU.ActiveCfg = Debug|Any CPU
		{685D0E84-C8AB-40BC-97E2-3F4D512E7E88}.Debug|x86.ActiveCfg = Debug|Any CPU
		{685D0E84-C8AB-40BC-97E2-3F4D512E7E88}.Debug|x86.Build.0 = Debug|Any CPU
		{685D0E84-C8AB-40BC-97E2-3F4D512E7E88}.Release|Any CPU.ActiveCfg = Release|Any CPU
		{685D0E84-C8AB-40BC-97E2-3F4D512E7E88}.Release|x86.ActiveCfg = Release|Any CPU
		{685D0E84-C8AB-40BC-97E2-3F4D512E7E88}.Release|x86.Build.0 = Release|Any CPU
	EndGlobalSection
	GlobalSection(SolutionProperties) = preSolution
		HideSolutionNode = FALSE
	EndGlobalSection
	GlobalSection(ExtensibilityGlobals) = postSolution
		SolutionGuid = {EA0ECCC3-E69E-43C6-BEB4-7CFF9834031D}
	EndGlobalSection
EndGlobal
